<?xml version="1.0" encoding="utf-8"?>
<Project ToolsVersion="4.0" xmlns="http://schemas.microsoft.com/developer/msbuild/2003">
  <ItemGroup>
    <Filter Include="Pliki źródłowe">
      <UniqueIdentifier>{4FC737F1-C7A5-4376-A066-2A32D752A2FF}</UniqueIdentifier>
      <Extensions>cpp;c;cc;cxx;c++;cppm;ixx;def;odl;idl;hpj;bat;asm;asmx</Extensions>
    </Filter>
    <Filter Include="Pliki nagłówkowe">
      <UniqueIdentifier>{93995380-89BD-4b04-88EB-625FBE52EBFB}</UniqueIdentifier>
      <Extensions>h;hh;hpp;hxx;h++;hm;inl;inc;ipp;xsd</Extensions>
    </Filter>
    <Filter Include="Pliki zasobów">
      <UniqueIdentifier>{67DA6AB6-F800-4c08-8B7A-83BB121AAD01}</UniqueIdentifier>
      <Extensions>rc;ico;cur;bmp;dlg;rc2;rct;bin;rgs;gif;jpg;jpeg;jpe;resx;tiff;tif;png;wav;mfcribbon-ms</Extensions>
    </Filter>
    <Filter Include="Pliki źródłowe\pch">
      <UniqueIdentifier>{f3ef8480-c2bb-4636-b864-df746958df93}</UniqueIdentifier>
    </Filter>
    <Filter Include="Pliki źródłowe\Core">
      <UniqueIdentifier>{266d80a2-a3dc-49c4-8963-68c54511c392}</UniqueIdentifier>
    </Filter>
    <Filter Include="Pliki źródłowe\Core\Classes">
      <UniqueIdentifier>{ed8b7681-0897-49e4-b095-99ecce0e6ca8}</UniqueIdentifier>
    </Filter>
    <Filter Include="Pliki źródłowe\Core\Public">
      <UniqueIdentifier>{431f4b24-2aef-4361-8170-bd975d1cada8}</UniqueIdentifier>
    </Filter>
    <Filter Include="Pliki źródłowe\Core\Private">
      <UniqueIdentifier>{4d78d538-6c41-481a-bd2d-0fd7e6c355f3}</UniqueIdentifier>
    </Filter>
    <Filter Include="Pliki źródłowe\Eng - out of use for now">
      <UniqueIdentifier>{646ee909-5788-450e-9d4d-5d45a6a4ba08}</UniqueIdentifier>
    </Filter>
    <Filter Include="Pliki źródłowe\Eng - out of use for now\Public">
      <UniqueIdentifier>{b80778a5-cd76-4a20-bbe7-ce4334a3292d}</UniqueIdentifier>
    </Filter>
    <Filter Include="Pliki źródłowe\Eng - out of use for now\Private">
      <UniqueIdentifier>{760f140d-e4f4-44a2-b96e-b5e4678c5dce}</UniqueIdentifier>
    </Filter>
    <Filter Include="Pliki źródłowe\Eng - out of use for now\Classes">
      <UniqueIdentifier>{03b4fa78-c984-4e48-bf2e-0299a83b91e8}</UniqueIdentifier>
    </Filter>
    <Filter Include="Pliki źródłowe\Platform - mostly out of use for now">
      <UniqueIdentifier>{81e6ffa6-1b8f-4db1-8677-e0d2536aef3b}</UniqueIdentifier>
    </Filter>
    <Filter Include="Pliki źródłowe\Platform - mostly out of use for now\WIN32">
      <UniqueIdentifier>{a69744f0-0295-44c0-971e-3a68808ffd9a}</UniqueIdentifier>
    </Filter>
  </ItemGroup>
  <ItemGroup>
    <ClCompile Include="IApplication.cpp">
      <Filter>Pliki źródłowe\Platform - mostly out of use for now\WIN32</Filter>
    </ClCompile>
    <ClCompile Include="Engine.cpp">
      <Filter>Pliki źródłowe\pch</Filter>
    </ClCompile>
    <ClCompile Include="..\Game_engine_1\Core\Core.cpp">
      <Filter>Pliki źródłowe\Core\Private</Filter>
    </ClCompile>
    <ClCompile Include="..\Game_engine_1\Core\CoreMinimal.cpp">
      <Filter>Pliki źródłowe\Core\Private</Filter>
    </ClCompile>
    <ClCompile Include="CoreDefinitions.cpp">
      <Filter>Pliki źródłowe\Core\Private</Filter>
    </ClCompile>
    <ClCompile Include="OEng.cpp">
      <Filter>Pliki źródłowe\Eng - out of use for now\Private</Filter>
    </ClCompile>
    <ClCompile Include="Simulation.cpp">
      <Filter>Pliki źródłowe\Eng - out of use for now\Private</Filter>
    </ClCompile>
    <ClCompile Include="GameController.cpp">
      <Filter>Pliki źródłowe\Core\Private</Filter>
    </ClCompile>
  </ItemGroup>
  <ItemGroup>
    <ClInclude Include="..\Game_engine_1\WinEntry.h">
      <Filter>Pliki źródłowe\Platform - mostly out of use for now\WIN32</Filter>
    </ClInclude>
    <ClInclude Include="IApplication.h">
      <Filter>Pliki źródłowe\Platform - mostly out of use for now\WIN32</Filter>
    </ClInclude>
    <ClInclude Include="Engine.h">
      <Filter>Pliki źródłowe\pch</Filter>
    </ClInclude>
    <ClInclude Include="OEng.h">
      <Filter>Pliki źródłowe\Eng - out of use for now\Classes</Filter>
    </ClInclude>
    <ClInclude Include="Simulation.h">
      <Filter>Pliki źródłowe\Eng - out of use for now\Classes</Filter>
    </ClInclude>
    <ClInclude Include="CoreDefinitions.h">
      <Filter>Pliki źródłowe\Core\Public</Filter>
    </ClInclude>
    <ClInclude Include="..\Game_engine_1\Core\Core.h">
      <Filter>Pliki źródłowe\Core\Public</Filter>
    </ClInclude>
    <ClInclude Include="..\Game_engine_1\Core\CoreMinimal.h">
      <Filter>Pliki źródłowe\Core\Public</Filter>
    </ClInclude>
    <ClInclude Include="resource.h">
      <Filter>Pliki nagłówkowe</Filter>
    </ClInclude>
    <ClInclude Include="GameController.h">
      <Filter>Pliki źródłowe\Core\Public</Filter>
    </ClInclude>
    <ClInclude Include="GameLevel.h">
      <Filter>Pliki źródłowe\Core\Public</Filter>
    </ClInclude>
  </ItemGroup>
  <ItemGroup>
    <ResourceCompile Include="Resource.rc">
      <Filter>Pliki zasobów</Filter>
    </ResourceCompile>
  </ItemGroup>
  <ItemGroup>
    <Image Include="..\Game_engine_1\Content\Caffle.png">
      <Filter>Pliki zasobów</Filter>
    </Image>
  </ItemGroup>
</Project>