<?xml version="1.0" encoding="utf-8"?>
<Project ToolsVersion="4.0" xmlns="http://schemas.microsoft.com/developer/msbuild/2003">
  <ItemGroup>
    <Filter Include="Pliki źródłowe">
      <UniqueIdentifier>{4FC737F1-C7A5-4376-A066-2A32D752A2FF}</UniqueIdentifier>
      <Extensions>cpp;c;cc;cxx;c++;cppm;ixx;def;odl;idl;hpj;bat;asm;asmx</Extensions>
    </Filter>
    <Filter Include="Pliki nagłówkowe">
      <UniqueIdentifier>{93995380-89BD-4b04-88EB-625FBE52EBFB}</UniqueIdentifier>
      <Extensions>h;hh;hpp;hxx;h++;hm;inl;inc;ipp;xsd</Extensions>
    </Filter>
    <Filter Include="Pliki zasobów">
      <UniqueIdentifier>{67DA6AB6-F800-4c08-8B7A-83BB121AAD01}</UniqueIdentifier>
      <Extensions>rc;ico;cur;bmp;dlg;rc2;rct;bin;rgs;gif;jpg;jpeg;jpe;resx;tiff;tif;png;wav;mfcribbon-ms</Extensions>
    </Filter>
    <Filter Include="Pliki zasobów\Levels">
      <UniqueIdentifier>{0dec2ac4-54c3-4c5f-9d6c-a3112c90c81b}</UniqueIdentifier>
    </Filter>
    <Filter Include="Pliki zasobów\Structs">
      <UniqueIdentifier>{46d8805a-5800-4bb4-a8ed-11edeb268642}</UniqueIdentifier>
    </Filter>
    <Filter Include="Pliki nagłówkowe\pch">
      <UniqueIdentifier>{464455d5-2b0e-4255-a04a-0bcb23aad56f}</UniqueIdentifier>
    </Filter>
    <Filter Include="Pliki zasobów\Levels\1">
      <UniqueIdentifier>{9ba5481f-83b3-45c9-9296-38ea481c2639}</UniqueIdentifier>
    </Filter>
    <Filter Include="Pliki zasobów\Levels\2">
      <UniqueIdentifier>{a423ed2d-b398-45b8-832c-8cc71ffefe4d}</UniqueIdentifier>
    </Filter>
    <Filter Include="Pliki zasobów\Levels\3">
      <UniqueIdentifier>{8551a2a0-b72a-4d85-b2ab-0f0d71b91052}</UniqueIdentifier>
    </Filter>
    <Filter Include="Pliki zasobów\Levels\4">
      <UniqueIdentifier>{3d9e3339-1785-4545-951b-b1c54250e959}</UniqueIdentifier>
    </Filter>
    <Filter Include="Pliki zasobów\Levels\5">
      <UniqueIdentifier>{7a3ce7f4-4d67-4485-b453-c1304735f8cf}</UniqueIdentifier>
    </Filter>
    <Filter Include="Pliki zasobów\Levels\6">
      <UniqueIdentifier>{e2d5806c-c0c9-40c2-ade8-a6f9efdcc5d5}</UniqueIdentifier>
    </Filter>
    <Filter Include="Pliki zasobów\Levels\Menu">
      <UniqueIdentifier>{b45465f3-197f-4f99-9cd7-689603fc40aa}</UniqueIdentifier>
    </Filter>
    <Filter Include="Pliki zasobów\Levels\Pause">
      <UniqueIdentifier>{2ef77094-ec47-4222-9f9e-1e21a2095309}</UniqueIdentifier>
    </Filter>
  </ItemGroup>
  <ItemGroup>
    <ClCompile Include="Game\pch\pch.cpp">
      <Filter>Pliki nagłówkowe\pch</Filter>
    </ClCompile>
    <ClCompile Include="Game\Main\Window.cpp">
      <Filter>Pliki źródłowe</Filter>
    </ClCompile>
    <ClCompile Include="Game\Levels\Level_1.cpp">
      <Filter>Pliki zasobów\Levels\1</Filter>
    </ClCompile>
    <ClCompile Include="Game\Levels\Level_2.cpp">
      <Filter>Pliki zasobów\Levels\2</Filter>
    </ClCompile>
    <ClCompile Include="Game\Levels\Level_3.cpp">
      <Filter>Pliki zasobów\Levels\3</Filter>
    </ClCompile>
    <ClCompile Include="Game\Levels\Level_4.cpp">
      <Filter>Pliki zasobów\Levels\4</Filter>
    </ClCompile>
    <ClCompile Include="Game\Levels\Level_5.cpp">
      <Filter>Pliki zasobów\Levels\5</Filter>
    </ClCompile>
    <ClCompile Include="Game\Levels\Level_6.cpp">
      <Filter>Pliki zasobów\Levels\6</Filter>
    </ClCompile>
    <ClCompile Include="Game\Levels\Menu.cpp">
      <Filter>Pliki zasobów\Levels\Menu</Filter>
    </ClCompile>
    <ClCompile Include="Game\Levels\Pause.cpp">
      <Filter>Pliki zasobów\Levels\Pause</Filter>
    </ClCompile>
  </ItemGroup>
  <ItemGroup>
    <ClInclude Include="resource.h">
      <Filter>Pliki zasobów</Filter>
    </ClInclude>
    <ClInclude Include="Game\pch\pch.h">
      <Filter>Pliki nagłówkowe\pch</Filter>
    </ClInclude>
    <ClInclude Include="Game\Levels\Level_1.h">
      <Filter>Pliki zasobów\Levels\1</Filter>
    </ClInclude>
    <ClInclude Include="Game\Levels\Level_2.h">
      <Filter>Pliki zasobów\Levels\2</Filter>
    </ClInclude>
    <ClInclude Include="Game\Levels\Level_3.h">
      <Filter>Pliki zasobów\Levels\3</Filter>
    </ClInclude>
    <ClInclude Include="Game\Structs\Obj.h">
      <Filter>Pliki zasobów\Structs</Filter>
    </ClInclude>
    <ClInclude Include="Game\Structs\Level_controls.h">
      <Filter>Pliki zasobów\Structs</Filter>
    </ClInclude>
    <ClInclude Include="Game\Levels\Level_4.h">
      <Filter>Pliki zasobów\Levels\4</Filter>
    </ClInclude>
    <ClInclude Include="Game\Levels\Level_5.h">
      <Filter>Pliki zasobów\Levels\5</Filter>
    </ClInclude>
    <ClInclude Include="Game\Levels\Level_6.h">
      <Filter>Pliki zasobów\Levels\6</Filter>
    </ClInclude>
    <ClInclude Include="Game\Levels\Menu.h">
      <Filter>Pliki zasobów\Levels\Menu</Filter>
    </ClInclude>
    <ClInclude Include="Game\Levels\Pause.h">
      <Filter>Pliki zasobów\Levels\Pause</Filter>
    </ClInclude>
    <ClInclude Include="Game\Structs\Primitives.h">
      <Filter>Pliki zasobów\Structs</Filter>
    </ClInclude>
    <ClInclude Include="Game\Structs\Phys_obj.h">
      <Filter>Pliki zasobów\Structs</Filter>
    </ClInclude>
    <ClInclude Include="Game\Levels\Level_includes.h">
      <Filter>Pliki nagłówkowe</Filter>
    </ClInclude>
  </ItemGroup>
  <ItemGroup>
    <ResourceCompile Include="Game_engine_1.rc">
      <Filter>Pliki zasobów</Filter>
    </ResourceCompile>
  </ItemGroup>
</Project>